// !$*UTF8*$!
{
	archiveVersion = 1;
	classes = {
	};
	objectVersion = 46;
	objects = {

/* Begin PBXBuildFile section */
		B5AF58AA180FBBAC00AE5D61 /* Foundation.framework in Frameworks */ = {isa = PBXBuildFile; fileRef = B5AF58A9180FBBAC00AE5D61 /* Foundation.framework */; };
		B5AF58AC180FBBAC00AE5D61 /* CoreGraphics.framework in Frameworks */ = {isa = PBXBuildFile; fileRef = B5AF58AB180FBBAC00AE5D61 /* CoreGraphics.framework */; };
		B5AF58AE180FBBAC00AE5D61 /* UIKit.framework in Frameworks */ = {isa = PBXBuildFile; fileRef = B5AF58AD180FBBAC00AE5D61 /* UIKit.framework */; };
		B5AF58B4180FBBAC00AE5D61 /* InfoPlist.strings in Resources */ = {isa = PBXBuildFile; fileRef = B5AF58B2180FBBAC00AE5D61 /* InfoPlist.strings */; };
		B5AF58B6180FBBAC00AE5D61 /* main.m in Sources */ = {isa = PBXBuildFile; fileRef = B5AF58B5180FBBAC00AE5D61 /* main.m */; };
		B5AF58BA180FBBAC00AE5D61 /* SuperCardAppDelegate.m in Sources */ = {isa = PBXBuildFile; fileRef = B5AF58B9180FBBAC00AE5D61 /* SuperCardAppDelegate.m */; };
		B5AF58BD180FBBAC00AE5D61 /* Main.storyboard in Resources */ = {isa = PBXBuildFile; fileRef = B5AF58BB180FBBAC00AE5D61 /* Main.storyboard */; };
		B5AF58C0180FBBAC00AE5D61 /* SuperCardViewController.m in Sources */ = {isa = PBXBuildFile; fileRef = B5AF58BF180FBBAC00AE5D61 /* SuperCardViewController.m */; };
		B5AF58C2180FBBAC00AE5D61 /* Images.xcassets in Resources */ = {isa = PBXBuildFile; fileRef = B5AF58C1180FBBAC00AE5D61 /* Images.xcassets */; };
		B5AF58C9180FBBAC00AE5D61 /* XCTest.framework in Frameworks */ = {isa = PBXBuildFile; fileRef = B5AF58C8180FBBAC00AE5D61 /* XCTest.framework */; };
		B5AF58CA180FBBAC00AE5D61 /* Foundation.framework in Frameworks */ = {isa = PBXBuildFile; fileRef = B5AF58A9180FBBAC00AE5D61 /* Foundation.framework */; };
		B5AF58CB180FBBAC00AE5D61 /* UIKit.framework in Frameworks */ = {isa = PBXBuildFile; fileRef = B5AF58AD180FBBAC00AE5D61 /* UIKit.framework */; };
		B5AF58D3180FBBAC00AE5D61 /* InfoPlist.strings in Resources */ = {isa = PBXBuildFile; fileRef = B5AF58D1180FBBAC00AE5D61 /* InfoPlist.strings */; };
		B5AF58D5180FBBAC00AE5D61 /* SuperCardTests.m in Sources */ = {isa = PBXBuildFile; fileRef = B5AF58D4180FBBAC00AE5D61 /* SuperCardTests.m */; };
		B5AF58E0180FBBCC00AE5D61 /* PlayingCardView.m in Sources */ = {isa = PBXBuildFile; fileRef = B5AF58DF180FBBCC00AE5D61 /* PlayingCardView.m */; };
/* End PBXBuildFile section */

/* Begin PBXContainerItemProxy section */
		B5AF58CC180FBBAC00AE5D61 /* PBXContainerItemProxy */ = {
			isa = PBXContainerItemProxy;
			containerPortal = B5AF589E180FBBAC00AE5D61 /* Project object */;
			proxyType = 1;
			remoteGlobalIDString = B5AF58A5180FBBAC00AE5D61;
			remoteInfo = SuperCard;
		};
/* End PBXContainerItemProxy section */

/* Begin PBXFileReference section */
		B5AF58A6180FBBAC00AE5D61 /* SuperCard.app */ = {isa = PBXFileReference; explicitFileType = wrapper.application; includeInIndex = 0; path = SuperCard.app; sourceTree = BUILT_PRODUCTS_DIR; };
		B5AF58A9180FBBAC00AE5D61 /* Foundation.framework */ = {isa = PBXFileReference; lastKnownFileType = wrapper.framework; name = Foundation.framework; path = System/Library/Frameworks/Foundation.framework; sourceTree = SDKROOT; };
		B5AF58AB180FBBAC00AE5D61 /* CoreGraphics.framework */ = {isa = PBXFileReference; lastKnownFileType = wrapper.framework; name = CoreGraphics.framework; path = System/Library/Frameworks/CoreGraphics.framework; sourceTree = SDKROOT; };
		B5AF58AD180FBBAC00AE5D61 /* UIKit.framework */ = {isa = PBXFileReference; lastKnownFileType = wrapper.framework; name = UIKit.framework; path = System/Library/Frameworks/UIKit.framework; sourceTree = SDKROOT; };
		B5AF58B1180FBBAC00AE5D61 /* SuperCard-Info.plist */ = {isa = PBXFileReference; lastKnownFileType = text.plist.xml; path = "SuperCard-Info.plist"; sourceTree = "<group>"; };
		B5AF58B3180FBBAC00AE5D61 /* en */ = {isa = PBXFileReference; lastKnownFileType = text.plist.strings; name = en; path = en.lproj/InfoPlist.strings; sourceTree = "<group>"; };
		B5AF58B5180FBBAC00AE5D61 /* main.m */ = {isa = PBXFileReference; lastKnownFileType = sourcecode.c.objc; path = main.m; sourceTree = "<group>"; };
		B5AF58B7180FBBAC00AE5D61 /* SuperCard-Prefix.pch */ = {isa = PBXFileReference; lastKnownFileType = sourcecode.c.h; path = "SuperCard-Prefix.pch"; sourceTree = "<group>"; };
		B5AF58B8180FBBAC00AE5D61 /* SuperCardAppDelegate.h */ = {isa = PBXFileReference; lastKnownFileType = sourcecode.c.h; path = SuperCardAppDelegate.h; sourceTree = "<group>"; };
		B5AF58B9180FBBAC00AE5D61 /* SuperCardAppDelegate.m */ = {isa = PBXFileReference; lastKnownFileType = sourcecode.c.objc; path = SuperCardAppDelegate.m; sourceTree = "<group>"; };
		B5AF58BC180FBBAC00AE5D61 /* Base */ = {isa = PBXFileReference; lastKnownFileType = file.storyboard; name = Base; path = Base.lproj/Main.storyboard; sourceTree = "<group>"; };
		B5AF58BE180FBBAC00AE5D61 /* SuperCardViewController.h */ = {isa = PBXFileReference; lastKnownFileType = sourcecode.c.h; path = SuperCardViewController.h; sourceTree = "<group>"; };
		B5AF58BF180FBBAC00AE5D61 /* SuperCardViewController.m */ = {isa = PBXFileReference; lastKnownFileType = sourcecode.c.objc; path = SuperCardViewController.m; sourceTree = "<group>"; };
		B5AF58C1180FBBAC00AE5D61 /* Images.xcassets */ = {isa = PBXFileReference; lastKnownFileType = folder.assetcatalog; path = Images.xcassets; sourceTree = "<group>"; };
		B5AF58C7180FBBAC00AE5D61 /* SuperCardTests.xctest */ = {isa = PBXFileReference; explicitFileType = wrapper.cfbundle; includeInIndex = 0; path = SuperCardTests.xctest; sourceTree = BUILT_PRODUCTS_DIR; };
		B5AF58C8180FBBAC00AE5D61 /* XCTest.framework */ = {isa = PBXFileReference; lastKnownFileType = wrapper.framework; name = XCTest.framework; path = Library/Frameworks/XCTest.framework; sourceTree = DEVELOPER_DIR; };
		B5AF58D0180FBBAC00AE5D61 /* SuperCardTests-Info.plist */ = {isa = PBXFileReference; lastKnownFileType = text.plist.xml; path = "SuperCardTests-Info.plist"; sourceTree = "<group>"; };
		B5AF58D2180FBBAC00AE5D61 /* en */ = {isa = PBXFileReference; lastKnownFileType = text.plist.strings; name = en; path = en.lproj/InfoPlist.strings; sourceTree = "<group>"; };
		B5AF58D4180FBBAC00AE5D61 /* SuperCardTests.m */ = {isa = PBXFileReference; lastKnownFileType = sourcecode.c.objc; path = SuperCardTests.m; sourceTree = "<group>"; };
		B5AF58DE180FBBCC00AE5D61 /* PlayingCardView.h */ = {isa = PBXFileReference; fileEncoding = 4; lastKnownFileType = sourcecode.c.h; name = PlayingCardView.h; path = ../PlayingCardView.h; sourceTree = "<group>"; };
		B5AF58DF180FBBCC00AE5D61 /* PlayingCardView.m */ = {isa = PBXFileReference; fileEncoding = 4; lastKnownFileType = sourcecode.c.objc; name = PlayingCardView.m; path = ../PlayingCardView.m; sourceTree = "<group>"; };
/* End PBXFileReference section */

/* Begin PBXFrameworksBuildPhase section */
		B5AF58A3180FBBAC00AE5D61 /* Frameworks */ = {
			isa = PBXFrameworksBuildPhase;
			buildActionMask = 2147483647;
			files = (
				B5AF58AC180FBBAC00AE5D61 /* CoreGraphics.framework in Frameworks */,
				B5AF58AE180FBBAC00AE5D61 /* UIKit.framework in Frameworks */,
				B5AF58AA180FBBAC00AE5D61 /* Foundation.framework in Frameworks */,
			);
			runOnlyForDeploymentPostprocessing = 0;
		};
		B5AF58C4180FBBAC00AE5D61 /* Frameworks */ = {
			isa = PBXFrameworksBuildPhase;
			buildActionMask = 2147483647;
			files = (
				B5AF58C9180FBBAC00AE5D61 /* XCTest.framework in Frameworks */,
				B5AF58CB180FBBAC00AE5D61 /* UIKit.framework in Frameworks */,
				B5AF58CA180FBBAC00AE5D61 /* Foundation.framework in Frameworks */,
			);
			runOnlyForDeploymentPostprocessing = 0;
		};
/* End PBXFrameworksBuildPhase section */

/* Begin PBXGroup section */
		B5AF589D180FBBAC00AE5D61 = {
			isa = PBXGroup;
			children = (
				B5AF58AF180FBBAC00AE5D61 /* SuperCard */,
				B5AF58CE180FBBAC00AE5D61 /* SuperCardTests */,
				B5AF58A8180FBBAC00AE5D61 /* Frameworks */,
				B5AF58A7180FBBAC00AE5D61 /* Products */,
			);
			sourceTree = "<group>";
		};
		B5AF58A7180FBBAC00AE5D61 /* Products */ = {
			isa = PBXGroup;
			children = (
				B5AF58A6180FBBAC00AE5D61 /* SuperCard.app */,
				B5AF58C7180FBBAC00AE5D61 /* SuperCardTests.xctest */,
			);
			name = Products;
			sourceTree = "<group>";
		};
		B5AF58A8180FBBAC00AE5D61 /* Frameworks */ = {
			isa = PBXGroup;
			children = (
				B5AF58A9180FBBAC00AE5D61 /* Foundation.framework */,
				B5AF58AB180FBBAC00AE5D61 /* CoreGraphics.framework */,
				B5AF58AD180FBBAC00AE5D61 /* UIKit.framework */,
				B5AF58C8180FBBAC00AE5D61 /* XCTest.framework */,
			);
			name = Frameworks;
			sourceTree = "<group>";
		};
		B5AF58AF180FBBAC00AE5D61 /* SuperCard */ = {
			isa = PBXGroup;
			children = (
				B5AF58DE180FBBCC00AE5D61 /* PlayingCardView.h */,
				B5AF58DF180FBBCC00AE5D61 /* PlayingCardView.m */,
				B5AF58B8180FBBAC00AE5D61 /* SuperCardAppDelegate.h */,
				B5AF58B9180FBBAC00AE5D61 /* SuperCardAppDelegate.m */,
				B5AF58BB180FBBAC00AE5D61 /* Main.storyboard */,
				B5AF58BE180FBBAC00AE5D61 /* SuperCardViewController.h */,
				B5AF58BF180FBBAC00AE5D61 /* SuperCardViewController.m */,
				B5AF58C1180FBBAC00AE5D61 /* Images.xcassets */,
				B5AF58B0180FBBAC00AE5D61 /* Supporting Files */,
			);
			path = SuperCard;
			sourceTree = "<group>";
		};
		B5AF58B0180FBBAC00AE5D61 /* Supporting Files */ = {
			isa = PBXGroup;
			children = (
				B5AF58B1180FBBAC00AE5D61 /* SuperCard-Info.plist */,
				B5AF58B2180FBBAC00AE5D61 /* InfoPlist.strings */,
				B5AF58B5180FBBAC00AE5D61 /* main.m */,
				B5AF58B7180FBBAC00AE5D61 /* SuperCard-Prefix.pch */,
			);
			name = "Supporting Files";
			sourceTree = "<group>";
		};
		B5AF58CE180FBBAC00AE5D61 /* SuperCardTests */ = {
			isa = PBXGroup;
			children = (
				B5AF58D4180FBBAC00AE5D61 /* SuperCardTests.m */,
				B5AF58CF180FBBAC00AE5D61 /* Supporting Files */,
			);
			path = SuperCardTests;
			sourceTree = "<group>";
		};
		B5AF58CF180FBBAC00AE5D61 /* Supporting Files */ = {
			isa = PBXGroup;
			children = (
				B5AF58D0180FBBAC00AE5D61 /* SuperCardTests-Info.plist */,
				B5AF58D1180FBBAC00AE5D61 /* InfoPlist.strings */,
			);
			name = "Supporting Files";
			sourceTree = "<group>";
		};
/* End PBXGroup section */

/* Begin PBXNativeTarget section */
		B5AF58A5180FBBAC00AE5D61 /* SuperCard */ = {
			isa = PBXNativeTarget;
			buildConfigurationList = B5AF58D8180FBBAC00AE5D61 /* Build configuration list for PBXNativeTarget "SuperCard" */;
			buildPhases = (
				B5AF58A2180FBBAC00AE5D61 /* Sources */,
				B5AF58A3180FBBAC00AE5D61 /* Frameworks */,
				B5AF58A4180FBBAC00AE5D61 /* Resources */,
			);
			buildRules = (
			);
			dependencies = (
			);
			name = SuperCard;
			productName = SuperCard;
			productReference = B5AF58A6180FBBAC00AE5D61 /* SuperCard.app */;
			productType = "com.apple.product-type.application";
		};
		B5AF58C6180FBBAC00AE5D61 /* SuperCardTests */ = {
			isa = PBXNativeTarget;
			buildConfigurationList = B5AF58DB180FBBAC00AE5D61 /* Build configuration list for PBXNativeTarget "SuperCardTests" */;
			buildPhases = (
				B5AF58C3180FBBAC00AE5D61 /* Sources */,
				B5AF58C4180FBBAC00AE5D61 /* Frameworks */,
				B5AF58C5180FBBAC00AE5D61 /* Resources */,
			);
			buildRules = (
			);
			dependencies = (
				B5AF58CD180FBBAC00AE5D61 /* PBXTargetDependency */,
			);
			name = SuperCardTests;
			productName = SuperCardTests;
			productReference = B5AF58C7180FBBAC00AE5D61 /* SuperCardTests.xctest */;
			productType = "com.apple.product-type.bundle.unit-test";
		};
/* End PBXNativeTarget section */

/* Begin PBXProject section */
		B5AF589E180FBBAC00AE5D61 /* Project object */ = {
			isa = PBXProject;
			attributes = {
				CLASSPREFIX = SuperCard;
				LastUpgradeCheck = 0500;
				ORGANIZATIONNAME = "Benjamin Shyong";
				TargetAttributes = {
					B5AF58C6180FBBAC00AE5D61 = {
						TestTargetID = B5AF58A5180FBBAC00AE5D61;
					};
				};
			};
			buildConfigurationList = B5AF58A1180FBBAC00AE5D61 /* Build configuration list for PBXProject "SuperCard" */;
			compatibilityVersion = "Xcode 3.2";
			developmentRegion = English;
			hasScannedForEncodings = 0;
			knownRegions = (
				en,
				Base,
			);
			mainGroup = B5AF589D180FBBAC00AE5D61;
			productRefGroup = B5AF58A7180FBBAC00AE5D61 /* Products */;
			projectDirPath = "";
			projectRoot = "";
			targets = (
				B5AF58A5180FBBAC00AE5D61 /* SuperCard */,
				B5AF58C6180FBBAC00AE5D61 /* SuperCardTests */,
			);
		};
/* End PBXProject section */

/* Begin PBXResourcesBuildPhase section */
		B5AF58A4180FBBAC00AE5D61 /* Resources */ = {
			isa = PBXResourcesBuildPhase;
			buildActionMask = 2147483647;
			files = (
				B5AF58C2180FBBAC00AE5D61 /* Images.xcassets in Resources */,
				B5AF58B4180FBBAC00AE5D61 /* InfoPlist.strings in Resources */,
				B5AF58BD180FBBAC00AE5D61 /* Main.storyboard in Resources */,
			);
			runOnlyForDeploymentPostprocessing = 0;
		};
		B5AF58C5180FBBAC00AE5D61 /* Resources */ = {
			isa = PBXResourcesBuildPhase;
			buildActionMask = 2147483647;
			files = (
				B5AF58D3180FBBAC00AE5D61 /* InfoPlist.strings in Resources */,
			);
			runOnlyForDeploymentPostprocessing = 0;
		};
/* End PBXResourcesBuildPhase section */

/* Begin PBXSourcesBuildPhase section */
		B5AF58A2180FBBAC00AE5D61 /* Sources */ = {
			isa = PBXSourcesBuildPhase;
			buildActionMask = 2147483647;
			files = (
				B5AF58BA180FBBAC00AE5D61 /* SuperCardAppDelegate.m in Sources */,
				B5AF58E0180FBBCC00AE5D61 /* PlayingCardView.m in Sources */,
				B5AF58B6180FBBAC00AE5D61 /* main.m in Sources */,
				B5AF58C0180FBBAC00AE5D61 /* SuperCardViewController.m in Sources */,
			);
			runOnlyForDeploymentPostprocessing = 0;
		};
		B5AF58C3180FBBAC00AE5D61 /* Sources */ = {
			isa = PBXSourcesBuildPhase;
			buildActionMask = 2147483647;
			files = (
				B5AF58D5180FBBAC00AE5D61 /* SuperCardTests.m in Sources */,
			);
			runOnlyForDeploymentPostprocessing = 0;
		};
/* End PBXSourcesBuildPhase section */

/* Begin PBXTargetDependency section */
		B5AF58CD180FBBAC00AE5D61 /* PBXTargetDependency */ = {
			isa = PBXTargetDependency;
			target = B5AF58A5180FBBAC00AE5D61 /* SuperCard */;
			targetProxy = B5AF58CC180FBBAC00AE5D61 /* PBXContainerItemProxy */;
		};
/* End PBXTargetDependency section */

/* Begin PBXVariantGroup section */
		B5AF58B2180FBBAC00AE5D61 /* InfoPlist.strings */ = {
			isa = PBXVariantGroup;
			children = (
				B5AF58B3180FBBAC00AE5D61 /* en */,
			);
			name = InfoPlist.strings;
			sourceTree = "<group>";
		};
		B5AF58BB180FBBAC00AE5D61 /* Main.storyboard */ = {
			isa = PBXVariantGroup;
			children = (
				B5AF58BC180FBBAC00AE5D61 /* Base */,
			);
			name = Main.storyboard;
			sourceTree = "<group>";
		};
		B5AF58D1180FBBAC00AE5D61 /* InfoPlist.strings */ = {
			isa = PBXVariantGroup;
			children = (
				B5AF58D2180FBBAC00AE5D61 /* en */,
			);
			name = InfoPlist.strings;
			sourceTree = "<group>";
		};
/* End PBXVariantGroup section */

/* Begin XCBuildConfiguration section */
		B5AF58D6180FBBAC00AE5D61 /* Debug */ = {
			isa = XCBuildConfiguration;
			buildSettings = {
				ALWAYS_SEARCH_USER_PATHS = NO;
				ARCHS = "$(ARCHS_STANDARD_INCLUDING_64_BIT)";
				CLANG_CXX_LANGUAGE_STANDARD = "gnu++0x";
				CLANG_CXX_LIBRARY = "libc++";
				CLANG_ENABLE_MODULES = YES;
				CLANG_ENABLE_OBJC_ARC = YES;
				CLANG_WARN_BOOL_CONVERSION = YES;
				CLANG_WARN_CONSTANT_CONVERSION = YES;
				CLANG_WARN_DIRECT_OBJC_ISA_USAGE = YES_ERROR;
				CLANG_WARN_EMPTY_BODY = YES;
				CLANG_WARN_ENUM_CONVERSION = YES;
				CLANG_WARN_INT_CONVERSION = YES;
				CLANG_WARN_OBJC_ROOT_CLASS = YES_ERROR;
				CLANG_WARN__DUPLICATE_METHOD_MATCH = YES;
				"CODE_SIGN_IDENTITY[sdk=iphoneos*]" = "iPhone Developer";
				COPY_PHASE_STRIP = NO;
				GCC_C_LANGUAGE_STANDARD = gnu99;
				GCC_DYNAMIC_NO_PIC = NO;
				GCC_OPTIMIZATION_LEVEL = 0;
				GCC_PREPROCESSOR_DEFINITIONS = (
					"DEBUG=1",
					"$(inherited)",
				);
				GCC_SYMBOLS_PRIVATE_EXTERN = NO;
				GCC_WARN_64_TO_32_BIT_CONVERSION = YES;
				GCC_WARN_ABOUT_RETURN_TYPE = YES_ERROR;
				GCC_WARN_UNDECLARED_SELECTOR = YES;
				GCC_WARN_UNINITIALIZED_AUTOS = YES;
				GCC_WARN_UNUSED_FUNCTION = YES;
				GCC_WARN_UNUSED_VARIABLE = YES;
				IPHONEOS_DEPLOYMENT_TARGET = 7.0;
				ONLY_ACTIVE_ARCH = YES;
				SDKROOT = iphoneos;
			};
			name = Debug;
		};
		B5AF58D7180FBBAC00AE5D61 /* Release */ = {
			isa = XCBuildConfiguration;
			buildSettings = {
				ALWAYS_SEARCH_USER_PATHS = NO;
				ARCHS = "$(ARCHS_STANDARD_INCLUDING_64_BIT)";
				CLANG_CXX_LANGUAGE_STANDARD = "gnu++0x";
				CLANG_CXX_LIBRARY = "libc++";
				CLANG_ENABLE_MODULES = YES;
				CLANG_ENABLE_OBJC_ARC = YES;
				CLANG_WARN_BOOL_CONVERSION = YES;
				CLANG_WARN_CONSTANT_CONVERSION = YES;
				CLANG_WARN_DIRECT_OBJC_ISA_USAGE = YES_ERROR;
				CLANG_WARN_EMPTY_BODY = YES;
				CLANG_WARN_ENUM_CONVERSION = YES;
				CLANG_WARN_INT_CONVERSION = YES;
				CLANG_WARN_OBJC_ROOT_CLASS = YES_ERROR;
				CLANG_WARN__DUPLICATE_METHOD_MATCH = YES;
				"CODE_SIGN_IDENTITY[sdk=iphoneos*]" = "iPhone Developer";
				COPY_PHASE_STRIP = YES;
				ENABLE_NS_ASSERTIONS = NO;
				GCC_C_LANGUAGE_STANDARD = gnu99;
				GCC_WARN_64_TO_32_BIT_CONVERSION = YES;
				GCC_WARN_ABOUT_RETURN_TYPE = YES_ERROR;
				GCC_WARN_UNDECLARED_SELECTOR = YES;
				GCC_WARN_UNINITIALIZED_AUTOS = YES;
				GCC_WARN_UNUSED_FUNCTION = YES;
				GCC_WARN_UNUSED_VARIABLE = YES;
				IPHONEOS_DEPLOYMENT_TARGET = 7.0;
				SDKROOT = iphoneos;
				VALIDATE_PRODUCT = YES;
			};
			name = Release;
		};
		B5AF58D9180FBBAC00AE5D61 /* Debug */ = {
			isa = XCBuildConfiguration;
			buildSettings = {
				ASSETCATALOG_COMPILER_APPICON_NAME = AppIcon;
				ASSETCATALOG_COMPILER_LAUNCHIMAGE_NAME = LaunchImage;
				GCC_PRECOMPILE_PREFIX_HEADER = YES;
				GCC_PREFIX_HEADER = "SuperCard/SuperCard-Prefix.pch";
				INFOPLIST_FILE = "SuperCard/SuperCard-Info.plist";
				PRODUCT_NAME = "$(TARGET_NAME)";
				WRAPPER_EXTENSION = app;
			};
			name = Debug;
		};
		B5AF58DA180FBBAC00AE5D61 /* Release */ = {
			isa = XCBuildConfiguration;
			buildSettings = {
				ASSETCATALOG_COMPILER_APPICON_NAME = AppIcon;
				ASSETCATALOG_COMPILER_LAUNCHIMAGE_NAME = LaunchImage;
				GCC_PRECOMPILE_PREFIX_HEADER = YES;
				GCC_PREFIX_HEADER = "SuperCard/SuperCard-Prefix.pch";
				INFOPLIST_FILE = "SuperCard/SuperCard-Info.plist";
				PRODUCT_NAME = "$(TARGET_NAME)";
				WRAPPER_EXTENSION = app;
			};
			name = Release;
		};
		B5AF58DC180FBBAC00AE5D61 /* Debug */ = {
			isa = XCBuildConfiguration;
			buildSettings = {
				ARCHS = "$(ARCHS_STANDARD_INCLUDING_64_BIT)";
				BUNDLE_LOADER = "$(BUILT_PRODUCTS_DIR)/SuperCard.app/SuperCard";
				FRAMEWORK_SEARCH_PATHS = (
					"$(SDKROOT)/Developer/Library/Frameworks",
					"$(inherited)",
					"$(DEVELOPER_FRAMEWORKS_DIR)",
				);
				GCC_PRECOMPILE_PREFIX_HEADER = YES;
				GCC_PREFIX_HEADER = "SuperCard/SuperCard-Prefix.pch";
				GCC_PREPROCESSOR_DEFINITIONS = (
					"DEBUG=1",
					"$(inherited)",
				);
				INFOPLIST_FILE = "SuperCardTests/SuperCardTests-Info.plist";
				PRODUCT_NAME = "$(TARGET_NAME)";
				TEST_HOST = "$(BUNDLE_LOADER)";
				WRAPPER_EXTENSION = xctest;
			};
			name = Debug;
		};
		B5AF58DD180FBBAC00AE5D61 /* Release */ = {
			isa = XCBuildConfiguration;
			buildSettings = {
				ARCHS = "$(ARCHS_STANDARD_INCLUDING_64_BIT)";
				BUNDLE_LOADER = "$(BUILT_PRODUCTS_DIR)/SuperCard.app/SuperCard";
				FRAMEWORK_SEARCH_PATHS = (
					"$(SDKROOT)/Developer/Library/Frameworks",
					"$(inherited)",
					"$(DEVELOPER_FRAMEWORKS_DIR)",
				);
				GCC_PRECOMPILE_PREFIX_HEADER = YES;
				GCC_PREFIX_HEADER = "SuperCard/SuperCard-Prefix.pch";
				INFOPLIST_FILE = "SuperCardTests/SuperCardTests-Info.plist";
				PRODUCT_NAME = "$(TARGET_NAME)";
				TEST_HOST = "$(BUNDLE_LOADER)";
				WRAPPER_EXTENSION = xctest;
			};
			name = Release;
		};
/* End XCBuildConfiguration section */

/* Begin XCConfigurationList section */
		B5AF58A1180FBBAC00AE5D61 /* Build configuration list for PBXProject "SuperCard" */ = {
			isa = XCConfigurationList;
			buildConfigurations = (
				B5AF58D6180FBBAC00AE5D61 /* Debug */,
				B5AF58D7180FBBAC00AE5D61 /* Release */,
			);
			defaultConfigurationIsVisible = 0;
			defaultConfigurationName = Release;
		};
		B5AF58D8180FBBAC00AE5D61 /* Build configuration list for PBXNativeTarget "SuperCard" */ = {
			isa = XCConfigurationList;
			buildConfigurations = (
				B5AF58D9180FBBAC00AE5D61 /* Debug */,
				B5AF58DA180FBBAC00AE5D61 /* Release */,
			);
			defaultConfigurationIsVisible = 0;
		};
		B5AF58DB180FBBAC00AE5D61 /* Build configuration list for PBXNativeTarget "SuperCardTests" */ = {
			isa = XCConfigurationList;
			buildConfigurations = (
				B5AF58DC180FBBAC00AE5D61 /* Debug */,
				B5AF58DD180FBBAC00AE5D61 /* Release */,
			);
			defaultConfigurationIsVisible = 0;
		};
/* End XCConfigurationList section */
	};
	rootObject = B5AF589E180FBBAC00AE5D61 /* Project object */;
}
