// !$*UTF8*$!
{
	archiveVersion = 1;
	classes = {
	};
	objectVersion = 46;
	objects = {

/* Begin PBXBuildFile section */
		B56726841807967E00D7A034 /* Card.m in Sources */ = {isa = PBXBuildFile; fileRef = B56726831807967E00D7A034 /* Card.m */; };
		B567268818079FEE00D7A034 /* Deck.m in Sources */ = {isa = PBXBuildFile; fileRef = B567268718079FEE00D7A034 /* Deck.m */; };
		B567268B1807A48000D7A034 /* PlayingCard.m in Sources */ = {isa = PBXBuildFile; fileRef = B567268A1807A48000D7A034 /* PlayingCard.m */; };
		B567268E1807B32900D7A034 /* PlayingCardDeck.m in Sources */ = {isa = PBXBuildFile; fileRef = B567268D1807B32900D7A034 /* PlayingCardDeck.m */; };
		B57E3CDD18067CF20039374A /* Foundation.framework in Frameworks */ = {isa = PBXBuildFile; fileRef = B57E3CDC18067CF20039374A /* Foundation.framework */; };
		B57E3CDF18067CF20039374A /* CoreGraphics.framework in Frameworks */ = {isa = PBXBuildFile; fileRef = B57E3CDE18067CF20039374A /* CoreGraphics.framework */; };
		B57E3CE118067CF20039374A /* UIKit.framework in Frameworks */ = {isa = PBXBuildFile; fileRef = B57E3CE018067CF20039374A /* UIKit.framework */; };
		B57E3CE718067CF20039374A /* InfoPlist.strings in Resources */ = {isa = PBXBuildFile; fileRef = B57E3CE518067CF20039374A /* InfoPlist.strings */; };
		B57E3CE918067CF20039374A /* main.m in Sources */ = {isa = PBXBuildFile; fileRef = B57E3CE818067CF20039374A /* main.m */; };
		B57E3CED18067CF20039374A /* MemoryGameAppDelegate.m in Sources */ = {isa = PBXBuildFile; fileRef = B57E3CEC18067CF20039374A /* MemoryGameAppDelegate.m */; };
		B57E3CF018067CF20039374A /* Main.storyboard in Resources */ = {isa = PBXBuildFile; fileRef = B57E3CEE18067CF20039374A /* Main.storyboard */; };
		B57E3CF318067CF20039374A /* MemoryGameViewController.m in Sources */ = {isa = PBXBuildFile; fileRef = B57E3CF218067CF20039374A /* MemoryGameViewController.m */; };
		B57E3CF518067CF20039374A /* Images.xcassets in Resources */ = {isa = PBXBuildFile; fileRef = B57E3CF418067CF20039374A /* Images.xcassets */; };
		B57E3CFC18067CF20039374A /* XCTest.framework in Frameworks */ = {isa = PBXBuildFile; fileRef = B57E3CFB18067CF20039374A /* XCTest.framework */; };
		B57E3CFD18067CF20039374A /* Foundation.framework in Frameworks */ = {isa = PBXBuildFile; fileRef = B57E3CDC18067CF20039374A /* Foundation.framework */; };
		B57E3CFE18067CF20039374A /* UIKit.framework in Frameworks */ = {isa = PBXBuildFile; fileRef = B57E3CE018067CF20039374A /* UIKit.framework */; };
		B57E3D0618067CF20039374A /* InfoPlist.strings in Resources */ = {isa = PBXBuildFile; fileRef = B57E3D0418067CF20039374A /* InfoPlist.strings */; };
		B57E3D0818067CF20039374A /* MemoryGameTests.m in Sources */ = {isa = PBXBuildFile; fileRef = B57E3D0718067CF20039374A /* MemoryGameTests.m */; };
/* End PBXBuildFile section */

/* Begin PBXContainerItemProxy section */
		B57E3CFF18067CF20039374A /* PBXContainerItemProxy */ = {
			isa = PBXContainerItemProxy;
			containerPortal = B57E3CD118067CF10039374A /* Project object */;
			proxyType = 1;
			remoteGlobalIDString = B57E3CD818067CF20039374A;
			remoteInfo = MemoryGame;
		};
/* End PBXContainerItemProxy section */

/* Begin PBXFileReference section */
		B56726821807967E00D7A034 /* Card.h */ = {isa = PBXFileReference; fileEncoding = 4; lastKnownFileType = sourcecode.c.h; name = Card.h; path = Models/Card.h; sourceTree = "<group>"; };
		B56726831807967E00D7A034 /* Card.m */ = {isa = PBXFileReference; fileEncoding = 4; lastKnownFileType = sourcecode.c.objc; name = Card.m; path = Models/Card.m; sourceTree = "<group>"; };
		B567268618079FEE00D7A034 /* Deck.h */ = {isa = PBXFileReference; fileEncoding = 4; lastKnownFileType = sourcecode.c.h; name = Deck.h; path = Models/Deck.h; sourceTree = "<group>"; };
		B567268718079FEE00D7A034 /* Deck.m */ = {isa = PBXFileReference; fileEncoding = 4; lastKnownFileType = sourcecode.c.objc; name = Deck.m; path = Models/Deck.m; sourceTree = "<group>"; };
		B56726891807A48000D7A034 /* PlayingCard.h */ = {isa = PBXFileReference; fileEncoding = 4; lastKnownFileType = sourcecode.c.h; name = PlayingCard.h; path = Models/PlayingCard.h; sourceTree = "<group>"; };
		B567268A1807A48000D7A034 /* PlayingCard.m */ = {isa = PBXFileReference; fileEncoding = 4; lastKnownFileType = sourcecode.c.objc; name = PlayingCard.m; path = Models/PlayingCard.m; sourceTree = "<group>"; };
		B567268C1807B32900D7A034 /* PlayingCardDeck.h */ = {isa = PBXFileReference; fileEncoding = 4; lastKnownFileType = sourcecode.c.h; name = PlayingCardDeck.h; path = Models/PlayingCardDeck.h; sourceTree = "<group>"; };
		B567268D1807B32900D7A034 /* PlayingCardDeck.m */ = {isa = PBXFileReference; fileEncoding = 4; lastKnownFileType = sourcecode.c.objc; name = PlayingCardDeck.m; path = Models/PlayingCardDeck.m; sourceTree = "<group>"; };
		B57E3CD918067CF20039374A /* MemoryGame.app */ = {isa = PBXFileReference; explicitFileType = wrapper.application; includeInIndex = 0; path = MemoryGame.app; sourceTree = BUILT_PRODUCTS_DIR; };
		B57E3CDC18067CF20039374A /* Foundation.framework */ = {isa = PBXFileReference; lastKnownFileType = wrapper.framework; name = Foundation.framework; path = System/Library/Frameworks/Foundation.framework; sourceTree = SDKROOT; };
		B57E3CDE18067CF20039374A /* CoreGraphics.framework */ = {isa = PBXFileReference; lastKnownFileType = wrapper.framework; name = CoreGraphics.framework; path = System/Library/Frameworks/CoreGraphics.framework; sourceTree = SDKROOT; };
		B57E3CE018067CF20039374A /* UIKit.framework */ = {isa = PBXFileReference; lastKnownFileType = wrapper.framework; name = UIKit.framework; path = System/Library/Frameworks/UIKit.framework; sourceTree = SDKROOT; };
		B57E3CE418067CF20039374A /* MemoryGame-Info.plist */ = {isa = PBXFileReference; lastKnownFileType = text.plist.xml; path = "MemoryGame-Info.plist"; sourceTree = "<group>"; };
		B57E3CE618067CF20039374A /* en */ = {isa = PBXFileReference; lastKnownFileType = text.plist.strings; name = en; path = en.lproj/InfoPlist.strings; sourceTree = "<group>"; };
		B57E3CE818067CF20039374A /* main.m */ = {isa = PBXFileReference; lastKnownFileType = sourcecode.c.objc; path = main.m; sourceTree = "<group>"; };
		B57E3CEA18067CF20039374A /* MemoryGame-Prefix.pch */ = {isa = PBXFileReference; lastKnownFileType = sourcecode.c.h; path = "MemoryGame-Prefix.pch"; sourceTree = "<group>"; };
		B57E3CEB18067CF20039374A /* MemoryGameAppDelegate.h */ = {isa = PBXFileReference; lastKnownFileType = sourcecode.c.h; path = MemoryGameAppDelegate.h; sourceTree = "<group>"; };
		B57E3CEC18067CF20039374A /* MemoryGameAppDelegate.m */ = {isa = PBXFileReference; lastKnownFileType = sourcecode.c.objc; path = MemoryGameAppDelegate.m; sourceTree = "<group>"; };
		B57E3CEF18067CF20039374A /* Base */ = {isa = PBXFileReference; lastKnownFileType = file.storyboard; name = Base; path = Base.lproj/Main.storyboard; sourceTree = "<group>"; };
		B57E3CF118067CF20039374A /* MemoryGameViewController.h */ = {isa = PBXFileReference; lastKnownFileType = sourcecode.c.h; path = MemoryGameViewController.h; sourceTree = "<group>"; };
		B57E3CF218067CF20039374A /* MemoryGameViewController.m */ = {isa = PBXFileReference; lastKnownFileType = sourcecode.c.objc; path = MemoryGameViewController.m; sourceTree = "<group>"; };
		B57E3CF418067CF20039374A /* Images.xcassets */ = {isa = PBXFileReference; lastKnownFileType = folder.assetcatalog; path = Images.xcassets; sourceTree = "<group>"; };
		B57E3CFA18067CF20039374A /* MemoryGameTests.xctest */ = {isa = PBXFileReference; explicitFileType = wrapper.cfbundle; includeInIndex = 0; path = MemoryGameTests.xctest; sourceTree = BUILT_PRODUCTS_DIR; };
		B57E3CFB18067CF20039374A /* XCTest.framework */ = {isa = PBXFileReference; lastKnownFileType = wrapper.framework; name = XCTest.framework; path = Library/Frameworks/XCTest.framework; sourceTree = DEVELOPER_DIR; };
		B57E3D0318067CF20039374A /* MemoryGameTests-Info.plist */ = {isa = PBXFileReference; lastKnownFileType = text.plist.xml; path = "MemoryGameTests-Info.plist"; sourceTree = "<group>"; };
		B57E3D0518067CF20039374A /* en */ = {isa = PBXFileReference; lastKnownFileType = text.plist.strings; name = en; path = en.lproj/InfoPlist.strings; sourceTree = "<group>"; };
		B57E3D0718067CF20039374A /* MemoryGameTests.m */ = {isa = PBXFileReference; lastKnownFileType = sourcecode.c.objc; path = MemoryGameTests.m; sourceTree = "<group>"; };
/* End PBXFileReference section */

/* Begin PBXFrameworksBuildPhase section */
		B57E3CD618067CF20039374A /* Frameworks */ = {
			isa = PBXFrameworksBuildPhase;
			buildActionMask = 2147483647;
			files = (
				B57E3CDF18067CF20039374A /* CoreGraphics.framework in Frameworks */,
				B57E3CE118067CF20039374A /* UIKit.framework in Frameworks */,
				B57E3CDD18067CF20039374A /* Foundation.framework in Frameworks */,
			);
			runOnlyForDeploymentPostprocessing = 0;
		};
		B57E3CF718067CF20039374A /* Frameworks */ = {
			isa = PBXFrameworksBuildPhase;
			buildActionMask = 2147483647;
			files = (
				B57E3CFC18067CF20039374A /* XCTest.framework in Frameworks */,
				B57E3CFE18067CF20039374A /* UIKit.framework in Frameworks */,
				B57E3CFD18067CF20039374A /* Foundation.framework in Frameworks */,
			);
			runOnlyForDeploymentPostprocessing = 0;
		};
/* End PBXFrameworksBuildPhase section */

/* Begin PBXGroup section */
		B56726851807969600D7A034 /* Models */ = {
			isa = PBXGroup;
			children = (
				B56726821807967E00D7A034 /* Card.h */,
				B56726831807967E00D7A034 /* Card.m */,
				B567268618079FEE00D7A034 /* Deck.h */,
				B567268718079FEE00D7A034 /* Deck.m */,
				B56726891807A48000D7A034 /* PlayingCard.h */,
				B567268A1807A48000D7A034 /* PlayingCard.m */,
				B567268C1807B32900D7A034 /* PlayingCardDeck.h */,
				B567268D1807B32900D7A034 /* PlayingCardDeck.m */,
			);
			name = Models;
			sourceTree = "<group>";
		};
		B57E3CD018067CF10039374A = {
			isa = PBXGroup;
			children = (
				B57E3CE218067CF20039374A /* MemoryGame */,
				B57E3D0118067CF20039374A /* MemoryGameTests */,
				B57E3CDB18067CF20039374A /* Frameworks */,
				B57E3CDA18067CF20039374A /* Products */,
			);
			sourceTree = "<group>";
		};
		B57E3CDA18067CF20039374A /* Products */ = {
			isa = PBXGroup;
			children = (
				B57E3CD918067CF20039374A /* MemoryGame.app */,
				B57E3CFA18067CF20039374A /* MemoryGameTests.xctest */,
			);
			name = Products;
			sourceTree = "<group>";
		};
		B57E3CDB18067CF20039374A /* Frameworks */ = {
			isa = PBXGroup;
			children = (
				B57E3CDC18067CF20039374A /* Foundation.framework */,
				B57E3CDE18067CF20039374A /* CoreGraphics.framework */,
				B57E3CE018067CF20039374A /* UIKit.framework */,
				B57E3CFB18067CF20039374A /* XCTest.framework */,
			);
			name = Frameworks;
			sourceTree = "<group>";
		};
		B57E3CE218067CF20039374A /* MemoryGame */ = {
			isa = PBXGroup;
			children = (
				B57E3CEB18067CF20039374A /* MemoryGameAppDelegate.h */,
				B57E3CEC18067CF20039374A /* MemoryGameAppDelegate.m */,
				B57E3CEE18067CF20039374A /* Main.storyboard */,
				B56726851807969600D7A034 /* Models */,
				B57E3CF118067CF20039374A /* MemoryGameViewController.h */,
				B57E3CF218067CF20039374A /* MemoryGameViewController.m */,
				B57E3CF418067CF20039374A /* Images.xcassets */,
				B57E3CE318067CF20039374A /* Supporting Files */,
			);
			path = MemoryGame;
			sourceTree = "<group>";
		};
		B57E3CE318067CF20039374A /* Supporting Files */ = {
			isa = PBXGroup;
			children = (
				B57E3CE418067CF20039374A /* MemoryGame-Info.plist */,
				B57E3CE518067CF20039374A /* InfoPlist.strings */,
				B57E3CE818067CF20039374A /* main.m */,
				B57E3CEA18067CF20039374A /* MemoryGame-Prefix.pch */,
			);
			name = "Supporting Files";
			sourceTree = "<group>";
		};
		B57E3D0118067CF20039374A /* MemoryGameTests */ = {
			isa = PBXGroup;
			children = (
				B57E3D0718067CF20039374A /* MemoryGameTests.m */,
				B57E3D0218067CF20039374A /* Supporting Files */,
			);
			path = MemoryGameTests;
			sourceTree = "<group>";
		};
		B57E3D0218067CF20039374A /* Supporting Files */ = {
			isa = PBXGroup;
			children = (
				B57E3D0318067CF20039374A /* MemoryGameTests-Info.plist */,
				B57E3D0418067CF20039374A /* InfoPlist.strings */,
			);
			name = "Supporting Files";
			sourceTree = "<group>";
		};
/* End PBXGroup section */

/* Begin PBXNativeTarget section */
		B57E3CD818067CF20039374A /* MemoryGame */ = {
			isa = PBXNativeTarget;
			buildConfigurationList = B57E3D0B18067CF20039374A /* Build configuration list for PBXNativeTarget "MemoryGame" */;
			buildPhases = (
				B57E3CD518067CF20039374A /* Sources */,
				B57E3CD618067CF20039374A /* Frameworks */,
				B57E3CD718067CF20039374A /* Resources */,
			);
			buildRules = (
			);
			dependencies = (
			);
			name = MemoryGame;
			productName = MemoryGame;
			productReference = B57E3CD918067CF20039374A /* MemoryGame.app */;
			productType = "com.apple.product-type.application";
		};
		B57E3CF918067CF20039374A /* MemoryGameTests */ = {
			isa = PBXNativeTarget;
			buildConfigurationList = B57E3D0E18067CF20039374A /* Build configuration list for PBXNativeTarget "MemoryGameTests" */;
			buildPhases = (
				B57E3CF618067CF20039374A /* Sources */,
				B57E3CF718067CF20039374A /* Frameworks */,
				B57E3CF818067CF20039374A /* Resources */,
			);
			buildRules = (
			);
			dependencies = (
				B57E3D0018067CF20039374A /* PBXTargetDependency */,
			);
			name = MemoryGameTests;
			productName = MemoryGameTests;
			productReference = B57E3CFA18067CF20039374A /* MemoryGameTests.xctest */;
			productType = "com.apple.product-type.bundle.unit-test";
		};
/* End PBXNativeTarget section */

/* Begin PBXProject section */
		B57E3CD118067CF10039374A /* Project object */ = {
			isa = PBXProject;
			attributes = {
				CLASSPREFIX = MemoryGame;
				LastUpgradeCheck = 0500;
				ORGANIZATIONNAME = "Benjamin Shyong";
				TargetAttributes = {
					B57E3CF918067CF20039374A = {
						TestTargetID = B57E3CD818067CF20039374A;
					};
				};
			};
			buildConfigurationList = B57E3CD418067CF10039374A /* Build configuration list for PBXProject "MemoryGame" */;
			compatibilityVersion = "Xcode 3.2";
			developmentRegion = English;
			hasScannedForEncodings = 0;
			knownRegions = (
				en,
				Base,
			);
			mainGroup = B57E3CD018067CF10039374A;
			productRefGroup = B57E3CDA18067CF20039374A /* Products */;
			projectDirPath = "";
			projectRoot = "";
			targets = (
				B57E3CD818067CF20039374A /* MemoryGame */,
				B57E3CF918067CF20039374A /* MemoryGameTests */,
			);
		};
/* End PBXProject section */

/* Begin PBXResourcesBuildPhase section */
		B57E3CD718067CF20039374A /* Resources */ = {
			isa = PBXResourcesBuildPhase;
			buildActionMask = 2147483647;
			files = (
				B57E3CF518067CF20039374A /* Images.xcassets in Resources */,
				B57E3CE718067CF20039374A /* InfoPlist.strings in Resources */,
				B57E3CF018067CF20039374A /* Main.storyboard in Resources */,
			);
			runOnlyForDeploymentPostprocessing = 0;
		};
		B57E3CF818067CF20039374A /* Resources */ = {
			isa = PBXResourcesBuildPhase;
			buildActionMask = 2147483647;
			files = (
				B57E3D0618067CF20039374A /* InfoPlist.strings in Resources */,
			);
			runOnlyForDeploymentPostprocessing = 0;
		};
/* End PBXResourcesBuildPhase section */

/* Begin PBXSourcesBuildPhase section */
		B57E3CD518067CF20039374A /* Sources */ = {
			isa = PBXSourcesBuildPhase;
			buildActionMask = 2147483647;
			files = (
				B567268B1807A48000D7A034 /* PlayingCard.m in Sources */,
				B567268818079FEE00D7A034 /* Deck.m in Sources */,
				B57E3CE918067CF20039374A /* main.m in Sources */,
				B57E3CF318067CF20039374A /* MemoryGameViewController.m in Sources */,
				B567268E1807B32900D7A034 /* PlayingCardDeck.m in Sources */,
				B57E3CED18067CF20039374A /* MemoryGameAppDelegate.m in Sources */,
				B56726841807967E00D7A034 /* Card.m in Sources */,
			);
			runOnlyForDeploymentPostprocessing = 0;
		};
		B57E3CF618067CF20039374A /* Sources */ = {
			isa = PBXSourcesBuildPhase;
			buildActionMask = 2147483647;
			files = (
				B57E3D0818067CF20039374A /* MemoryGameTests.m in Sources */,
			);
			runOnlyForDeploymentPostprocessing = 0;
		};
/* End PBXSourcesBuildPhase section */

/* Begin PBXTargetDependency section */
		B57E3D0018067CF20039374A /* PBXTargetDependency */ = {
			isa = PBXTargetDependency;
			target = B57E3CD818067CF20039374A /* MemoryGame */;
			targetProxy = B57E3CFF18067CF20039374A /* PBXContainerItemProxy */;
		};
/* End PBXTargetDependency section */

/* Begin PBXVariantGroup section */
		B57E3CE518067CF20039374A /* InfoPlist.strings */ = {
			isa = PBXVariantGroup;
			children = (
				B57E3CE618067CF20039374A /* en */,
			);
			name = InfoPlist.strings;
			sourceTree = "<group>";
		};
		B57E3CEE18067CF20039374A /* Main.storyboard */ = {
			isa = PBXVariantGroup;
			children = (
				B57E3CEF18067CF20039374A /* Base */,
			);
			name = Main.storyboard;
			sourceTree = "<group>";
		};
		B57E3D0418067CF20039374A /* InfoPlist.strings */ = {
			isa = PBXVariantGroup;
			children = (
				B57E3D0518067CF20039374A /* en */,
			);
			name = InfoPlist.strings;
			sourceTree = "<group>";
		};
/* End PBXVariantGroup section */

/* Begin XCBuildConfiguration section */
		B57E3D0918067CF20039374A /* Debug */ = {
			isa = XCBuildConfiguration;
			buildSettings = {
				ALWAYS_SEARCH_USER_PATHS = NO;
				ARCHS = "$(ARCHS_STANDARD_INCLUDING_64_BIT)";
				CLANG_CXX_LANGUAGE_STANDARD = "gnu++0x";
				CLANG_CXX_LIBRARY = "libc++";
				CLANG_ENABLE_MODULES = YES;
				CLANG_ENABLE_OBJC_ARC = YES;
				CLANG_WARN_BOOL_CONVERSION = YES;
				CLANG_WARN_CONSTANT_CONVERSION = YES;
				CLANG_WARN_DIRECT_OBJC_ISA_USAGE = YES_ERROR;
				CLANG_WARN_EMPTY_BODY = YES;
				CLANG_WARN_ENUM_CONVERSION = YES;
				CLANG_WARN_INT_CONVERSION = YES;
				CLANG_WARN_OBJC_ROOT_CLASS = YES_ERROR;
				CLANG_WARN__DUPLICATE_METHOD_MATCH = YES;
				"CODE_SIGN_IDENTITY[sdk=iphoneos*]" = "iPhone Developer";
				COPY_PHASE_STRIP = NO;
				GCC_C_LANGUAGE_STANDARD = gnu99;
				GCC_DYNAMIC_NO_PIC = NO;
				GCC_OPTIMIZATION_LEVEL = 0;
				GCC_PREPROCESSOR_DEFINITIONS = (
					"DEBUG=1",
					"$(inherited)",
				);
				GCC_SYMBOLS_PRIVATE_EXTERN = NO;
				GCC_WARN_64_TO_32_BIT_CONVERSION = YES;
				GCC_WARN_ABOUT_RETURN_TYPE = YES_ERROR;
				GCC_WARN_UNDECLARED_SELECTOR = YES;
				GCC_WARN_UNINITIALIZED_AUTOS = YES;
				GCC_WARN_UNUSED_FUNCTION = YES;
				GCC_WARN_UNUSED_VARIABLE = YES;
				IPHONEOS_DEPLOYMENT_TARGET = 7.0;
				ONLY_ACTIVE_ARCH = YES;
				SDKROOT = iphoneos;
			};
			name = Debug;
		};
		B57E3D0A18067CF20039374A /* Release */ = {
			isa = XCBuildConfiguration;
			buildSettings = {
				ALWAYS_SEARCH_USER_PATHS = NO;
				ARCHS = "$(ARCHS_STANDARD_INCLUDING_64_BIT)";
				CLANG_CXX_LANGUAGE_STANDARD = "gnu++0x";
				CLANG_CXX_LIBRARY = "libc++";
				CLANG_ENABLE_MODULES = YES;
				CLANG_ENABLE_OBJC_ARC = YES;
				CLANG_WARN_BOOL_CONVERSION = YES;
				CLANG_WARN_CONSTANT_CONVERSION = YES;
				CLANG_WARN_DIRECT_OBJC_ISA_USAGE = YES_ERROR;
				CLANG_WARN_EMPTY_BODY = YES;
				CLANG_WARN_ENUM_CONVERSION = YES;
				CLANG_WARN_INT_CONVERSION = YES;
				CLANG_WARN_OBJC_ROOT_CLASS = YES_ERROR;
				CLANG_WARN__DUPLICATE_METHOD_MATCH = YES;
				"CODE_SIGN_IDENTITY[sdk=iphoneos*]" = "iPhone Developer";
				COPY_PHASE_STRIP = YES;
				ENABLE_NS_ASSERTIONS = NO;
				GCC_C_LANGUAGE_STANDARD = gnu99;
				GCC_WARN_64_TO_32_BIT_CONVERSION = YES;
				GCC_WARN_ABOUT_RETURN_TYPE = YES_ERROR;
				GCC_WARN_UNDECLARED_SELECTOR = YES;
				GCC_WARN_UNINITIALIZED_AUTOS = YES;
				GCC_WARN_UNUSED_FUNCTION = YES;
				GCC_WARN_UNUSED_VARIABLE = YES;
				IPHONEOS_DEPLOYMENT_TARGET = 7.0;
				SDKROOT = iphoneos;
				VALIDATE_PRODUCT = YES;
			};
			name = Release;
		};
		B57E3D0C18067CF20039374A /* Debug */ = {
			isa = XCBuildConfiguration;
			buildSettings = {
				ASSETCATALOG_COMPILER_APPICON_NAME = AppIcon;
				ASSETCATALOG_COMPILER_LAUNCHIMAGE_NAME = LaunchImage;
				GCC_PRECOMPILE_PREFIX_HEADER = YES;
				GCC_PREFIX_HEADER = "MemoryGame/MemoryGame-Prefix.pch";
				INFOPLIST_FILE = "MemoryGame/MemoryGame-Info.plist";
				PRODUCT_NAME = "$(TARGET_NAME)";
				WRAPPER_EXTENSION = app;
			};
			name = Debug;
		};
		B57E3D0D18067CF20039374A /* Release */ = {
			isa = XCBuildConfiguration;
			buildSettings = {
				ASSETCATALOG_COMPILER_APPICON_NAME = AppIcon;
				ASSETCATALOG_COMPILER_LAUNCHIMAGE_NAME = LaunchImage;
				GCC_PRECOMPILE_PREFIX_HEADER = YES;
				GCC_PREFIX_HEADER = "MemoryGame/MemoryGame-Prefix.pch";
				INFOPLIST_FILE = "MemoryGame/MemoryGame-Info.plist";
				PRODUCT_NAME = "$(TARGET_NAME)";
				WRAPPER_EXTENSION = app;
			};
			name = Release;
		};
		B57E3D0F18067CF20039374A /* Debug */ = {
			isa = XCBuildConfiguration;
			buildSettings = {
				ARCHS = "$(ARCHS_STANDARD_INCLUDING_64_BIT)";
				BUNDLE_LOADER = "$(BUILT_PRODUCTS_DIR)/MemoryGame.app/MemoryGame";
				FRAMEWORK_SEARCH_PATHS = (
					"$(SDKROOT)/Developer/Library/Frameworks",
					"$(inherited)",
					"$(DEVELOPER_FRAMEWORKS_DIR)",
				);
				GCC_PRECOMPILE_PREFIX_HEADER = YES;
				GCC_PREFIX_HEADER = "MemoryGame/MemoryGame-Prefix.pch";
				GCC_PREPROCESSOR_DEFINITIONS = (
					"DEBUG=1",
					"$(inherited)",
				);
				INFOPLIST_FILE = "MemoryGameTests/MemoryGameTests-Info.plist";
				PRODUCT_NAME = "$(TARGET_NAME)";
				TEST_HOST = "$(BUNDLE_LOADER)";
				WRAPPER_EXTENSION = xctest;
			};
			name = Debug;
		};
		B57E3D1018067CF20039374A /* Release */ = {
			isa = XCBuildConfiguration;
			buildSettings = {
				ARCHS = "$(ARCHS_STANDARD_INCLUDING_64_BIT)";
				BUNDLE_LOADER = "$(BUILT_PRODUCTS_DIR)/MemoryGame.app/MemoryGame";
				FRAMEWORK_SEARCH_PATHS = (
					"$(SDKROOT)/Developer/Library/Frameworks",
					"$(inherited)",
					"$(DEVELOPER_FRAMEWORKS_DIR)",
				);
				GCC_PRECOMPILE_PREFIX_HEADER = YES;
				GCC_PREFIX_HEADER = "MemoryGame/MemoryGame-Prefix.pch";
				INFOPLIST_FILE = "MemoryGameTests/MemoryGameTests-Info.plist";
				PRODUCT_NAME = "$(TARGET_NAME)";
				TEST_HOST = "$(BUNDLE_LOADER)";
				WRAPPER_EXTENSION = xctest;
			};
			name = Release;
		};
/* End XCBuildConfiguration section */

/* Begin XCConfigurationList section */
		B57E3CD418067CF10039374A /* Build configuration list for PBXProject "MemoryGame" */ = {
			isa = XCConfigurationList;
			buildConfigurations = (
				B57E3D0918067CF20039374A /* Debug */,
				B57E3D0A18067CF20039374A /* Release */,
			);
			defaultConfigurationIsVisible = 0;
			defaultConfigurationName = Release;
		};
		B57E3D0B18067CF20039374A /* Build configuration list for PBXNativeTarget "MemoryGame" */ = {
			isa = XCConfigurationList;
			buildConfigurations = (
				B57E3D0C18067CF20039374A /* Debug */,
				B57E3D0D18067CF20039374A /* Release */,
			);
			defaultConfigurationIsVisible = 0;
			defaultConfigurationName = Release;
		};
		B57E3D0E18067CF20039374A /* Build configuration list for PBXNativeTarget "MemoryGameTests" */ = {
			isa = XCConfigurationList;
			buildConfigurations = (
				B57E3D0F18067CF20039374A /* Debug */,
				B57E3D1018067CF20039374A /* Release */,
			);
			defaultConfigurationIsVisible = 0;
			defaultConfigurationName = Release;
		};
/* End XCConfigurationList section */
	};
	rootObject = B57E3CD118067CF10039374A /* Project object */;
}
